
Microsoft Visual Studio Solution File, Format Version 12.00
# Visual Studio Version 17
VisualStudioVersion = 17.2.32630.192
MinimumVisualStudioVersion = 10.0.40219.1
Project("{FAE04EC0-301F-11D3-BF4B-00C04F79EFBC}") = "MVCEFExample", "MVCEFExample.csproj", "{BBF1A1AF-BF23-4A9F-86ED-E2CF258873D8}"
EndProject
Global
	GlobalSection(SolutionConfigurationPlatforms) = preSolution
		Debug|Any CPU = Debug|Any CPU
		Release|Any CPU = Release|Any CPU
	EndGlobalSection
	GlobalSection(ProjectConfigurationPlatforms) = postSolution
		{BBF1A1AF-BF23-4A9F-86ED-E2CF258873D8}.Debug|Any CPU.ActiveCfg = Debug|Any CPU
		{BBF1A1AF-BF23-4A9F-86ED-E2CF258873D8}.Debug|Any CPU.Build.0 = Debug|Any CPU
		{BBF1A1AF-BF23-4A9F-86ED-E2CF258873D8}.Release|Any CPU.ActiveCfg = Release|Any CPU
		{BBF1A1AF-BF23-4A9F-86ED-E2CF258873D8}.Release|Any CPU.Build.0 = Release|Any CPU
	EndGlobalSection
	GlobalSection(SolutionProperties) = preSolution
		HideSolutionNode = FALSE
	EndGlobalSection
	GlobalSection(ExtensibilityGlobals) = postSolution
		SolutionGuid = {16D72BDB-4072-4D0D-86AA-E80329B86C27}
	EndGlobalSection
EndGlobal
