
Microsoft Visual Studio Solution File, Format Version 12.00
# Visual Studio Version 17
VisualStudioVersion = 17.2.32630.192
MinimumVisualStudioVersion = 10.0.40219.1
Project("{FAE04EC0-301F-11D3-BF4B-00C04F79EFBC}") = "Assignment1", "Assignment1\Assignment1.csproj", "{610F8EE6-B1EC-4A47-A7E9-165E76E22BC9}"
EndProject
Global
	GlobalSection(SolutionConfigurationPlatforms) = preSolution
		Debug|Any CPU = Debug|Any CPU
		Release|Any CPU = Release|Any CPU
	EndGlobalSection
	GlobalSection(ProjectConfigurationPlatforms) = postSolution
		{610F8EE6-B1EC-4A47-A7E9-165E76E22BC9}.Debug|Any CPU.ActiveCfg = Debug|Any CPU
		{610F8EE6-B1EC-4A47-A7E9-165E76E22BC9}.Debug|Any CPU.Build.0 = Debug|Any CPU
		{610F8EE6-B1EC-4A47-A7E9-165E76E22BC9}.Release|Any CPU.ActiveCfg = Release|Any CPU
		{610F8EE6-B1EC-4A47-A7E9-165E76E22BC9}.Release|Any CPU.Build.0 = Release|Any CPU
	EndGlobalSection
	GlobalSection(SolutionProperties) = preSolution
		HideSolutionNode = FALSE
	EndGlobalSection
	GlobalSection(ExtensibilityGlobals) = postSolution
		SolutionGuid = {0174FFA2-EC46-4292-ADDE-D6CBA06D6BF3}
	EndGlobalSection
EndGlobal
