
Microsoft Visual Studio Solution File, Format Version 12.00
# Visual Studio Version 17
VisualStudioVersion = 17.2.32630.192
MinimumVisualStudioVersion = 10.0.40219.1
Project("{FAE04EC0-301F-11D3-BF4B-00C04F79EFBC}") = "Calculatorclient", "Calculatorclient\Calculatorclient.csproj", "{4CB91A48-8C53-4FC5-94BE-25B97B7F62D5}"
EndProject
Global
	GlobalSection(SolutionConfigurationPlatforms) = preSolution
		Debug|Any CPU = Debug|Any CPU
		Release|Any CPU = Release|Any CPU
	EndGlobalSection
	GlobalSection(ProjectConfigurationPlatforms) = postSolution
		{4CB91A48-8C53-4FC5-94BE-25B97B7F62D5}.Debug|Any CPU.ActiveCfg = Debug|Any CPU
		{4CB91A48-8C53-4FC5-94BE-25B97B7F62D5}.Debug|Any CPU.Build.0 = Debug|Any CPU
		{4CB91A48-8C53-4FC5-94BE-25B97B7F62D5}.Release|Any CPU.ActiveCfg = Release|Any CPU
		{4CB91A48-8C53-4FC5-94BE-25B97B7F62D5}.Release|Any CPU.Build.0 = Release|Any CPU
	EndGlobalSection
	GlobalSection(SolutionProperties) = preSolution
		HideSolutionNode = FALSE
	EndGlobalSection
	GlobalSection(ExtensibilityGlobals) = postSolution
		SolutionGuid = {D92A1B35-442E-4065-BE65-AA78FAE1587B}
	EndGlobalSection
EndGlobal
