
Microsoft Visual Studio Solution File, Format Version 12.00
# Visual Studio Version 17
VisualStudioVersion = 17.2.32630.192
MinimumVisualStudioVersion = 10.0.40219.1
Project("{FAE04EC0-301F-11D3-BF4B-00C04F79EFBC}") = "SmartElectronicsClient", "SmartElectronicsClient.csproj", "{30D4524C-EF99-4478-91DF-4B6E7C1573EF}"
EndProject
Global
	GlobalSection(SolutionConfigurationPlatforms) = preSolution
		Debug|Any CPU = Debug|Any CPU
		Release|Any CPU = Release|Any CPU
	EndGlobalSection
	GlobalSection(ProjectConfigurationPlatforms) = postSolution
		{30D4524C-EF99-4478-91DF-4B6E7C1573EF}.Debug|Any CPU.ActiveCfg = Debug|Any CPU
		{30D4524C-EF99-4478-91DF-4B6E7C1573EF}.Debug|Any CPU.Build.0 = Debug|Any CPU
		{30D4524C-EF99-4478-91DF-4B6E7C1573EF}.Release|Any CPU.ActiveCfg = Release|Any CPU
		{30D4524C-EF99-4478-91DF-4B6E7C1573EF}.Release|Any CPU.Build.0 = Release|Any CPU
	EndGlobalSection
	GlobalSection(SolutionProperties) = preSolution
		HideSolutionNode = FALSE
	EndGlobalSection
	GlobalSection(ExtensibilityGlobals) = postSolution
		SolutionGuid = {116C46B8-8EFC-469C-B74A-35F834ED53E0}
	EndGlobalSection
EndGlobal
